
Microsoft Visual Studio Solution File, Format Version 12.00
# Visual Studio Version 17
VisualStudioVersion = 17.11.35208.52
MinimumVisualStudioVersion = 10.0.40219.1
Project("{9A19103F-16F7-4668-BE54-9A1E7A4F7556}") = "fall2024-assignment1-sxiao8", "fall2024-assignment1-sxiao8.csproj", "{698EA2D6-D963-4D8B-94FC-8ADD6AB1F800}"
EndProject
Global
	GlobalSection(SolutionConfigurationPlatforms) = preSolution
		Debug|Any CPU = Debug|Any CPU
		Release|Any CPU = Release|Any CPU
	EndGlobalSection
	GlobalSection(ProjectConfigurationPlatforms) = postSolution
		{698EA2D6-D963-4D8B-94FC-8ADD6AB1F800}.Debug|Any CPU.ActiveCfg = Debug|Any CPU
		{698EA2D6-D963-4D8B-94FC-8ADD6AB1F800}.Debug|Any CPU.Build.0 = Debug|Any CPU
		{698EA2D6-D963-4D8B-94FC-8ADD6AB1F800}.Release|Any CPU.ActiveCfg = Release|Any CPU
		{698EA2D6-D963-4D8B-94FC-8ADD6AB1F800}.Release|Any CPU.Build.0 = Release|Any CPU
	EndGlobalSection
	GlobalSection(SolutionProperties) = preSolution
		HideSolutionNode = FALSE
	EndGlobalSection
	GlobalSection(ExtensibilityGlobals) = postSolution
		SolutionGuid = {A8640C88-C1D9-4C6A-88AE-0DA53CB77BD2}
	EndGlobalSection
EndGlobal
